version: 7
platforms:
- name: linux-64
  virtual-packages:
  - __unix=0=0
  - __linux=4.18
  - __glibc=2.28
  - __archspec=0=x86_64
environments:
  default:
    channels:
    - url: https://conda.modular.com/max/
    - url: https://conda.anaconda.org/conda-forge/
    packages:
      linux-64:
      - conda: https://conda.anaconda.org/conda-forge/linux-64/_openmp_mutex-4.5-20_gnu.conda
      - conda: https://conda.anaconda.org/conda-forge/linux-64/binutils_impl_linux-64-2.45.1-default_hfdba357_102.conda
      - conda: https://conda.anaconda.org/conda-forge/linux-64/bzip2-1.0.8-hda65f42_9.conda
      - conda: https://conda.anaconda.org/conda-forge/linux-64/cuda-cudart-13.3.29-hecca717_0.conda
      - conda: https://conda.anaconda.org/conda-forge/linux-64/cuda-cudart-dev-13.3.29-hecca717_0.conda
      - conda: https://conda.anaconda.org/conda-forge/linux-64/cuda-cudart-static-13.3.29-hecca717_0.conda
      - conda: https://conda.anaconda.org/conda-forge/linux-64/cuda-driver-dev-13.3.29-hecca717_0.conda
      - conda: https://conda.anaconda.org/conda-forge/linux-64/cuda-nvrtc-13.3.33-hecca717_0.conda
      - conda: https://conda.anaconda.org/conda-forge/linux-64/cuda-nvrtc-dev-13.3.33-hecca717_0.conda
      - conda: https://conda.anaconda.org/conda-forge/linux-64/cudnn-9.23.1.3-h886f0b6_0.conda
      - conda: https://conda.anaconda.org/conda-forge/linux-64/gcc_impl_linux-64-14.3.0-h235f0fe_19.conda
      - conda: https://conda.anaconda.org/conda-forge/linux-64/ld_impl_linux-64-2.45.1-default_hbd61a6d_102.conda
      - conda: https://conda.anaconda.org/conda-forge/linux-64/libblas-3.11.0-8_h4a7cf45_openblas.conda
      - conda: https://conda.anaconda.org/conda-forge/linux-64/libcblas-3.11.0-8_h0358290_openblas.conda
      - conda: https://conda.anaconda.org/conda-forge/linux-64/libcublas-13.6.0.2-h676940d_0.conda
      - conda: https://conda.anaconda.org/conda-forge/linux-64/libcublas-dev-13.6.0.2-h676940d_0.conda
      - conda: https://conda.anaconda.org/conda-forge/linux-64/libcudnn-9.23.1.3-ha4b6413_0.conda
      - conda: https://conda.anaconda.org/conda-forge/linux-64/libcudnn-dev-9.23.1.3-h7bcfba5_0.conda
      - conda: https://conda.anaconda.org/conda-forge/linux-64/libexpat-2.8.1-hecca717_1.conda
      - conda: https://conda.anaconda.org/conda-forge/linux-64/libffi-3.5.2-h3435931_0.conda
      - conda: https://conda.anaconda.org/conda-forge/linux-64/libgcc-15.2.0-he0feb66_19.conda
      - conda: https://conda.anaconda.org/conda-forge/linux-64/libgcc-ng-15.2.0-h69a702a_19.conda
      - conda: https://conda.anaconda.org/conda-forge/linux-64/libgfortran-15.2.0-h69a702a_19.conda
      - conda: https://conda.anaconda.org/conda-forge/linux-64/libgfortran5-15.2.0-h68bc16d_19.conda
      - conda: https://conda.anaconda.org/conda-forge/linux-64/libgomp-15.2.0-he0feb66_19.conda
      - conda: https://conda.anaconda.org/conda-forge/linux-64/libjpeg-turbo-3.2.0-hb03c661_0.conda
      - conda: https://conda.anaconda.org/conda-forge/linux-64/liblapack-3.11.0-8_h47877c9_openblas.conda
      - conda: https://conda.anaconda.org/conda-forge/linux-64/liblzma-5.8.3-hb03c661_0.conda
      - conda: https://conda.anaconda.org/conda-forge/linux-64/libmpdec-4.0.0-hb03c661_1.conda
      - conda: https://conda.anaconda.org/conda-forge/linux-64/libopenblas-0.3.33-pthreads_h94d23a6_0.conda
      - conda: https://conda.anaconda.org/conda-forge/linux-64/libpng-1.6.58-h421ea60_0.conda
      - conda: https://conda.anaconda.org/conda-forge/linux-64/libsanitizer-14.3.0-h8f1669f_19.conda
      - conda: https://conda.anaconda.org/conda-forge/linux-64/libsqlite-3.53.3-h0c1763c_0.conda
      - conda: https://conda.anaconda.org/conda-forge/linux-64/libstdcxx-15.2.0-h934c35e_19.conda
      - conda: https://conda.anaconda.org/conda-forge/linux-64/libstdcxx-ng-15.2.0-hdf11a46_19.conda
      - conda: https://conda.anaconda.org/conda-forge/linux-64/libuuid-2.42.2-h5347b49_0.conda
      - conda: https://conda.anaconda.org/conda-forge/linux-64/libzlib-1.3.2-h25fd6f3_2.conda
      - conda: https://conda.anaconda.org/conda-forge/linux-64/make-4.4.1-hb9d3cd8_2.conda
      - conda: https://conda.anaconda.org/conda-forge/linux-64/ncurses-6.6-hdb14827_0.conda
      - conda: https://conda.anaconda.org/conda-forge/linux-64/numpy-2.5.1-py314h2b28147_0.conda
      - conda: https://conda.anaconda.org/conda-forge/linux-64/openssl-3.6.3-h35e630c_0.conda
      - conda: https://conda.anaconda.org/conda-forge/linux-64/patchelf-0.17.2-h58526e2_0.conda
      - conda: https://conda.anaconda.org/conda-forge/linux-64/pkg-config-0.29.2-h4bc722e_1009.conda
      - conda: https://conda.anaconda.org/conda-forge/linux-64/python-3.14.6-habeac84_100_cp314.conda
      - conda: https://conda.anaconda.org/conda-forge/linux-64/readline-8.3-h853b02a_0.conda
      - conda: https://conda.anaconda.org/conda-forge/linux-64/rust-1.97.1-h53717f1_0.conda
      - conda: https://conda.anaconda.org/conda-forge/linux-64/sqlite-3.53.3-hbc0de68_0.conda
      - conda: https://conda.anaconda.org/conda-forge/linux-64/tk-8.6.13-noxft_h366c992_103.conda
      - conda: https://conda.anaconda.org/conda-forge/linux-64/zstd-1.5.7-hb78ec9c_6.conda
      - conda: https://conda.anaconda.org/conda-forge/noarch/ca-certificates-2026.6.17-hbd8a1cb_0.conda
      - conda: https://conda.anaconda.org/conda-forge/noarch/cpython-3.14.6-py314hd8ed1ab_100.conda
      - conda: https://conda.anaconda.org/conda-forge/noarch/cuda-cccl_linux-64-13.3.3.4.1-ha770c72_0.conda
      - conda: https://conda.anaconda.org/conda-forge/noarch/cuda-crt-dev_linux-64-13.3.73-ha770c72_0.conda
      - conda: https://conda.anaconda.org/conda-forge/noarch/cuda-cudart-dev_linux-64-13.3.29-h376f20c_0.conda
      - conda: https://conda.anaconda.org/conda-forge/noarch/cuda-cudart-static_linux-64-13.3.29-h376f20c_0.conda
      - conda: https://conda.anaconda.org/conda-forge/noarch/cuda-cudart_linux-64-13.3.29-h376f20c_0.conda
      - conda: https://conda.anaconda.org/conda-forge/noarch/cuda-driver-dev_linux-64-13.3.29-h376f20c_0.conda
      - conda: https://conda.anaconda.org/conda-forge/noarch/cuda-version-13.3-hcbadf70_3.conda
      - conda: https://conda.anaconda.org/conda-forge/noarch/kernel-headers_linux-64-4.18.0-he073ed8_9.conda
      - conda: https://conda.anaconda.org/conda-forge/noarch/libgcc-devel_linux-64-14.3.0-hf649bbc_119.conda
      - conda: https://conda.anaconda.org/conda-forge/noarch/libstdcxx-devel_linux-64-14.3.0-h9f08a49_119.conda
      - conda: https://conda.anaconda.org/conda-forge/noarch/markdown-it-py-4.2.0-pyhd8ed1ab_0.conda
      - conda: https://conda.anaconda.org/conda-forge/noarch/mdurl-0.1.2-pyhd8ed1ab_1.conda
      - conda: https://conda.anaconda.org/conda-forge/noarch/pygments-2.20.0-pyhd8ed1ab_0.conda
      - conda: https://conda.anaconda.org/conda-forge/noarch/python-gil-3.14.6-h4df99d1_100.conda
      - conda: https://conda.anaconda.org/conda-forge/noarch/python_abi-3.14-8_cp314.conda
      - conda: https://conda.anaconda.org/conda-forge/noarch/rich-15.0.0-pyhcf101f3_0.conda
      - conda: https://conda.anaconda.org/conda-forge/noarch/rust-std-x86_64-unknown-linux-gnu-1.97.1-h2c6d0dc_0.conda
      - conda: https://conda.anaconda.org/conda-forge/noarch/sysroot_linux-64-2.28-h4ee821c_9.conda
      - conda: https://conda.anaconda.org/conda-forge/noarch/typing-extensions-4.16.0-h69aa097_0.conda
      - conda: https://conda.anaconda.org/conda-forge/noarch/typing_extensions-4.16.0-pyhcf101f3_0.conda
      - conda: https://conda.anaconda.org/conda-forge/noarch/tzdata-2025c-hc9c84f9_1.conda
      - conda: https://conda.modular.com/max/linux-64/max-26.3.0-3.14release.conda
      - conda: https://conda.modular.com/max/linux-64/max-core-26.3.0-release.conda
      - conda: https://conda.modular.com/max/linux-64/mojo-compiler-1.0.0b1-release.conda
      - conda: https://conda.modular.com/max/noarch/mojo-python-1.0.0b1-release.conda
packages:
- conda: https://conda.anaconda.org/conda-forge/linux-64/_openmp_mutex-4.5-20_gnu.conda
  build_number: 20
  sha256: 1dd3fffd892081df9726d7eb7e0dea6198962ba775bd88842135a4ddb4deb3c9
  md5: a9f577daf3de00bca7c3c76c0ecbd1de
  depends:
  - __glibc >=2.17,<3.0.a0
  - libgomp >=7.5.0
  constrains:
  - openmp_impl <0.0a0
  license: BSD-3-Clause
  license_family: BSD
  size: 28948
  timestamp: 1770939786096
- conda: https://conda.anaconda.org/conda-forge/linux-64/binutils_impl_linux-64-2.45.1-default_hfdba357_102.conda
  sha256: 0a7d405064f53b9d91d92515f1460f7906ee5e8523f3cd8973430e81219f4917
  md5: 8165352fdce2d2025bf884dc0ee85700
  depends:
  - ld_impl_linux-64 2.45.1 default_hbd61a6d_102
  - sysroot_linux-64
  - zstd >=1.5.7,<1.6.0a0
  license: GPL-3.0-only
  license_family: GPL
  run_exports: {}
  size: 3661455
  timestamp: 1774197460085
- conda: https://conda.anaconda.org/conda-forge/linux-64/bzip2-1.0.8-hda65f42_9.conda
  sha256: 0b75d45f0bba3e95dc693336fa51f40ea28c980131fec438afb7ce6118ed05f6
  md5: d2ffd7602c02f2b316fd921d39876885
  depends:
  - __glibc >=2.17,<3.0.a0
  - libgcc >=14
  license: bzip2-1.0.6
  license_family: BSD
  size: 260182
  timestamp: 1771350215188
- conda: https://conda.anaconda.org/conda-forge/linux-64/cuda-cudart-13.3.29-hecca717_0.conda
  sha256: 3d74819f261d77a410e8f8ddbd973446c312ec76605d60619d9b85113eca9632
  md5: 3fc21c99786b908fd7f32ea279fc9780
  depends:
  - __glibc >=2.17,<3.0.a0
  - cuda-cudart_linux-64 13.3.29 h376f20c_0
  - cuda-version >=13.3,<13.4.0a0
  - libgcc >=14
  - libstdcxx >=14
  license: LicenseRef-NVIDIA-End-User-License-Agreement
  run_exports: {}
  size: 24659
  timestamp: 1779898425780
- conda: https://conda.anaconda.org/conda-forge/linux-64/cuda-cudart-dev-13.3.29-hecca717_0.conda
  sha256: 050ac942737f501b5dee21c0bbfa77f4617c52269f188ab66a5e2b8b7acd0f22
  md5: e21171cc900f202b2af82f1afddbdfcf
  depends:
  - __glibc >=2.17,<3.0.a0
  - cuda-cudart 13.3.29 hecca717_0
  - cuda-cudart-dev_linux-64 13.3.29 h376f20c_0
  - cuda-cudart-static 13.3.29 hecca717_0
  - cuda-version >=13.3,<13.4.0a0
  - libgcc >=14
  - libstdcxx >=14
  license: LicenseRef-NVIDIA-End-User-License-Agreement
  run_exports:
    weak:
    - cuda-cudart >=13.3.29,<14.0a0
  size: 25129
  timestamp: 1779898446163
- conda: https://conda.anaconda.org/conda-forge/linux-64/cuda-cudart-static-13.3.29-hecca717_0.conda
  sha256: e2596138baef66e9b7fa08329e944d3ef8cca7c3d2da28d32bc37ff7e4801d1a
  md5: 3a99ba2e09c508fd8b8b0eaf6d37a376
  depends:
  - __glibc >=2.17,<3.0.a0
  - cuda-cudart-static_linux-64 13.3.29 h376f20c_0
  - cuda-version >=13.3,<13.4.0a0
  - libgcc >=14
  - libstdcxx >=14
  license: LicenseRef-NVIDIA-End-User-License-Agreement
  run_exports: {}
  size: 24626
  timestamp: 1779898435744
- conda: https://conda.anaconda.org/conda-forge/linux-64/cuda-driver-dev-13.3.29-hecca717_0.conda
  sha256: 656bc80bf9db318ae341ded274ce39a9303e6223924e8217d5c9b10d59a8ab1d
  md5: a1899d94508b382d14d05f6238628db1
  depends:
  - __glibc >=2.17,<3.0.a0
  - cuda-driver-dev_linux-64
  - cuda-version >=13.3,<13.4.0a0
  - libgcc >=14
  - libstdcxx >=14
  license: LicenseRef-NVIDIA-End-User-License-Agreement
  run_exports: {}
  size: 24475
  timestamp: 1779898441961
- conda: https://conda.anaconda.org/conda-forge/linux-64/cuda-nvrtc-13.3.33-hecca717_0.conda
  sha256: a70641e7d81694f57c7df46a17b657594393082dad667532c29df9540b7f99ca
  md5: 57124a775cb937bb2bfd10f09a230430
  depends:
  - __glibc >=2.17,<3.0.a0
  - cuda-version >=13.3,<13.4.0a0
  - libgcc >=14
  - libstdcxx >=14
  license: LicenseRef-NVIDIA-End-User-License-Agreement
  run_exports: {}
  size: 39254802
  timestamp: 1779897349474
- conda: https://conda.anaconda.org/conda-forge/linux-64/cuda-nvrtc-dev-13.3.33-hecca717_0.conda
  sha256: 5ed71b75e73241ab007d92a6b1f28ce90cc50abf3615876e7ef8d3dea9443d58
  md5: 37fe136dc4411687579abf75826a0609
  depends:
  - __glibc >=2.17,<3.0.a0
  - cuda-nvrtc 13.3.33 hecca717_0
  - cuda-version >=13.3,<13.4.0a0
  - libgcc >=14
  - libstdcxx >=14
  constrains:
  - cuda-nvrtc-static >=13.3.33
  license: LicenseRef-NVIDIA-End-User-License-Agreement
  run_exports:
    weak:
    - cuda-nvrtc >=13.3.33,<14.0a0
  size: 38404
  timestamp: 1779897472176
- conda: https://conda.anaconda.org/conda-forge/linux-64/cudnn-9.23.1.3-h886f0b6_0.conda
  sha256: d1d41626599c4822e95d1d5974c54b2dbf118fc9ce93a5e1b183d187555b89a2
  md5: d4f7b16637ca9507837501de19662bda
  depends:
  - __glibc >=2.28,<3.0.a0
  - cuda-version >=13,<14.0a0
  - libcudnn-dev 9.23.1.3 h7bcfba5_0
  - libgcc >=14
  - libstdcxx >=14
  constrains:
  - cudnn-jit <0a
  license: LicenseRef-cuDNN-Software-License-Agreement
  run_exports:
    weak:
    - cudnn >=9.23.1.3,<10.0a0
  size: 19588
  timestamp: 1781299871797
- conda: https://conda.anaconda.org/conda-forge/linux-64/gcc_impl_linux-64-14.3.0-h235f0fe_19.conda
  sha256: 1e2500ca976d4831c953d1c6db7b238d2e6806910b930e3eb631b79ba5c3ba41
  md5: 99936dc616b7ce97b0468759b8a7c64e
  depends:
  - binutils_impl_linux-64 >=2.45
  - libgcc >=14.3.0
  - libgcc-devel_linux-64 14.3.0 hf649bbc_119
  - libgomp >=14.3.0
  - libsanitizer 14.3.0 h8f1669f_19
  - libstdcxx >=14.3.0
  - libstdcxx-devel_linux-64 14.3.0 h9f08a49_119
  - sysroot_linux-64
  license: GPL-3.0-only WITH GCC-exception-3.1
  license_family: GPL
  run_exports: {}
  size: 77667192
  timestamp: 1778268558509
- conda: https://conda.anaconda.org/conda-forge/linux-64/ld_impl_linux-64-2.45.1-default_hbd61a6d_102.conda
  sha256: 3d584956604909ff5df353767f3a2a2f60e07d070b328d109f30ac40cd62df6c
  md5: 18335a698559cdbcd86150a48bf54ba6
  depends:
  - __glibc >=2.17,<3.0.a0
  - zstd >=1.5.7,<1.6.0a0
  constrains:
  - binutils_impl_linux-64 2.45.1
  license: GPL-3.0-only
  license_family: GPL
  size: 728002
  timestamp: 1774197446916
- conda: https://conda.anaconda.org/conda-forge/linux-64/libblas-3.11.0-8_h4a7cf45_openblas.conda
  build_number: 8
  sha256: b2da6bfd72a1c9cb143ccf64bf5b28790cb4eb58bd1cb978f6537b2322f7d48b
  md5: 00fc660ab1b2f5ca07e92b4900d10c79
  depends:
  - libopenblas >=0.3.33,<0.3.34.0a0
  - libopenblas >=0.3.33,<1.0a0
  constrains:
  - blas 2.308   openblas
  - mkl <2027
  - libcblas   3.11.0   8*_openblas
  - liblapack  3.11.0   8*_openblas
  - liblapacke 3.11.0   8*_openblas
  license: BSD-3-Clause
  license_family: BSD
  size: 18804
  timestamp: 1779859100675
- conda: https://conda.anaconda.org/conda-forge/linux-64/libcblas-3.11.0-8_h0358290_openblas.conda
  build_number: 8
  sha256: 1a2bc77bb26520255904a3d9b1f40e6bf0bf9d8d3405c7709dd162282820915a
  md5: 33a413f1095f8325e5c30fde3b0d2445
  depends:
  - libblas 3.11.0 8_h4a7cf45_openblas
  constrains:
  - blas 2.308   openblas
  - liblapacke 3.11.0   8*_openblas
  - liblapack  3.11.0   8*_openblas
  license: BSD-3-Clause
  license_family: BSD
  size: 18778
  timestamp: 1779859107964
- conda: https://conda.anaconda.org/conda-forge/linux-64/libcublas-13.6.0.2-h676940d_0.conda
  sha256: d10ce5ea92af1cccc0ed4640506489762f273f2e40debaf6300be2c866f17e8b
  md5: b94086b1a487ca78ec1836dfd4a3efca
  depends:
  - __glibc >=2.28,<3.0.a0
  - cuda-nvrtc
  - cuda-version >=13.3,<13.4.0a0
  - libgcc >=14
  - libstdcxx >=14
  license: LicenseRef-NVIDIA-End-User-License-Agreement
  run_exports: {}
  size: 384624985
  timestamp: 1782782999955
- conda: https://conda.anaconda.org/conda-forge/linux-64/libcublas-dev-13.6.0.2-h676940d_0.conda
  sha256: 66fdcc04eb03d968d25d9a383b59c132b393514db8871956c836974151876af5
  md5: b9c580bb2555671b132582b680441774
  depends:
  - __glibc >=2.28,<3.0.a0
  - cuda-crt-dev_linux-64
  - cuda-cudart-dev_linux-64
  - cuda-version >=13.3,<13.4.0a0
  - libcublas 13.6.0.2 h676940d_0
  - libgcc >=14
  - libstdcxx >=14
  constrains:
  - libcublas-static >=13.6.0.2
  license: LicenseRef-NVIDIA-End-User-License-Agreement
  run_exports:
    weak:
    - libcublas >=13.6.0.2,<14.0a0
  size: 96817
  timestamp: 1782783444671
- conda: https://conda.anaconda.org/conda-forge/linux-64/libcudnn-9.23.1.3-ha4b6413_0.conda
  sha256: 8fdcd511eef3167db18afca483e0c668f458fbf77c1c3a2acdb3ea787e6663bc
  md5: 942361a0d125cd276b2e7b69660e4c67
  depends:
  - __glibc >=2.28,<3.0.a0
  - cuda-nvrtc
  - cuda-version >=13,<14.0a0
  - libcublas
  - libgcc >=14
  - libstdcxx >=14
  - libzlib >=1.3.2,<2.0a0
  constrains:
  - libcudnn-jit <0a
  license: LicenseRef-cuDNN-Software-License-Agreement
  run_exports: {}
  size: 447957779
  timestamp: 1781299475496
- conda: https://conda.anaconda.org/conda-forge/linux-64/libcudnn-dev-9.23.1.3-h7bcfba5_0.conda
  sha256: 9d05fd2bd61c63a4b9473c51032b24b19d1e1d246e794e53feebfbf47c123cad
  md5: eaa9f7de7359111fc7c5e11f50797fe5
  depends:
  - __glibc >=2.28,<3.0.a0
  - cuda-version >=13,<14.0a0
  - libcudnn 9.23.1.3 ha4b6413_0
  - libgcc >=14
  - libstdcxx >=14
  constrains:
  - libcudnn-jit-dev <0a
  license: LicenseRef-cuDNN-Software-License-Agreement
  run_exports:
    weak:
    - libcudnn >=9.23.1.3,<10.0a0
  size: 85344
  timestamp: 1781299859113
- conda: https://conda.anaconda.org/conda-forge/linux-64/libexpat-2.8.1-hecca717_1.conda
  sha256: 16feffd9ddbbe5b718515d38ee376c685ba95491cd901244e24671d20b952a77
  md5: b24d3c612f71e7aa74158d92106318b2
  depends:
  - __glibc >=2.17,<3.0.a0
  - libgcc >=14
  constrains:
  - expat 2.8.1.*
  license: MIT
  license_family: MIT
  size: 77856
  timestamp: 1781203599810
- conda: https://conda.anaconda.org/conda-forge/linux-64/libffi-3.5.2-h3435931_0.conda
  sha256: 31f19b6a88ce40ebc0d5a992c131f57d919f73c0b92cd1617a5bec83f6e961e6
  md5: a360c33a5abe61c07959e449fa1453eb
  depends:
  - __glibc >=2.17,<3.0.a0
  - libgcc >=14
  license: MIT
  license_family: MIT
  size: 58592
  timestamp: 1769456073053
- conda: https://conda.anaconda.org/conda-forge/linux-64/libgcc-15.2.0-he0feb66_19.conda
  sha256: 8e0a3b5e41272e5678499b5dfc4cddb673f9e935de01eb0767ce857001229f46
  md5: 57736f29cc2b0ec0b6c2952d3f101b6a
  depends:
  - __glibc >=2.17,<3.0.a0
  - _openmp_mutex >=4.5
  constrains:
  - libgcc-ng ==15.2.0=*_19
  - libgomp 15.2.0 he0feb66_19
  license: GPL-3.0-only WITH GCC-exception-3.1
  license_family: GPL
  size: 1041084
  timestamp: 1778269013026
- conda: https://conda.anaconda.org/conda-forge/linux-64/libgcc-ng-15.2.0-h69a702a_19.conda
  sha256: 9dcf54adfaa5e861123c2da4f2f0451a685464ea7e5a41ad91cf67b31d658d98
  md5: 331ee9b72b9dff570d56b1302c5ab37d
  depends:
  - libgcc 15.2.0 he0feb66_19
  license: GPL-3.0-only WITH GCC-exception-3.1
  license_family: GPL
  run_exports:
    strong:
    - libgcc
  size: 27694
  timestamp: 1778269016987
- conda: https://conda.anaconda.org/conda-forge/linux-64/libgfortran-15.2.0-h69a702a_19.conda
  sha256: 561a42758ef25b9ce308c4e2cf56daee4f06138385a17e29a492cd928e00be6f
  md5: 42bf7eca1a951735fa06c0e3c0d5c8e6
  depends:
  - libgfortran5 15.2.0 h68bc16d_19
  constrains:
  - libgfortran-ng ==15.2.0=*_19
  license: GPL-3.0-only WITH GCC-exception-3.1
  license_family: GPL
  size: 27655
  timestamp: 1778269042954
- conda: https://conda.anaconda.org/conda-forge/linux-64/libgfortran5-15.2.0-h68bc16d_19.conda
  sha256: 057978bb69fea29ed715a9b98adf71015c31baecc4aeb2bfc20d4fd5d83579d4
  md5: 85072b0ad177c966294f129b7c04a2d5
  depends:
  - __glibc >=2.17,<3.0.a0
  - libgcc >=15.2.0
  constrains:
  - libgfortran 15.2.0
  license: GPL-3.0-only WITH GCC-exception-3.1
  license_family: GPL
  size: 2483673
  timestamp: 1778269025089
- conda: https://conda.anaconda.org/conda-forge/linux-64/libgomp-15.2.0-he0feb66_19.conda
  sha256: 5abe4ab9d93f6c9757d654f1969ae2267d4505315c1f2f8fe705fd60af084f1b
  md5: faac990cb7aedc7f3a2224f2c9b0c26c
  depends:
  - __glibc >=2.17,<3.0.a0
  license: GPL-3.0-only WITH GCC-exception-3.1
  license_family: GPL
  size: 603817
  timestamp: 1778268942614
- conda: https://conda.anaconda.org/conda-forge/linux-64/libjpeg-turbo-3.2.0-hb03c661_0.conda
  sha256: 716332fd31b3808da7a4235a05212a9e9da05e854864c3def2dea0b5d2bf7610
  md5: 466badda5536d85ddc63ee9404f29735
  depends:
  - __glibc >=2.17,<3.0.a0
  - libgcc >=14
  constrains:
  - jpeg <0.0.0a
  license: IJG AND BSD-3-Clause AND Zlib
  size: 652868
  timestamp: 1783731886811
- conda: https://conda.anaconda.org/conda-forge/linux-64/liblapack-3.11.0-8_h47877c9_openblas.conda
  build_number: 8
  sha256: 168e327d737059553e15cc6ec36d76b9bbb3931c2a7721555fd68b4c9348b247
  md5: 809be8ba8712c77bc7d44c2d99390dc4
  depends:
  - libblas 3.11.0 8_h4a7cf45_openblas
  constrains:
  - blas 2.308   openblas
  - libcblas   3.11.0   8*_openblas
  - liblapacke 3.11.0   8*_openblas
  license: BSD-3-Clause
  license_family: BSD
  size: 18790
  timestamp: 1779859115086
- conda: https://conda.anaconda.org/conda-forge/linux-64/liblzma-5.8.3-hb03c661_0.conda
  sha256: ec30e52a3c1bf7d0425380a189d209a52baa03f22fb66dd3eb587acaa765bd6d
  md5: b88d90cad08e6bc8ad540cb310a761fb
  depends:
  - __glibc >=2.17,<3.0.a0
  - libgcc >=14
  constrains:
  - xz 5.8.3.*
  license: 0BSD
  size: 113478
  timestamp: 1775825492909
- conda: https://conda.anaconda.org/conda-forge/linux-64/libmpdec-4.0.0-hb03c661_1.conda
  sha256: fe171ed5cf5959993d43ff72de7596e8ac2853e9021dec0344e583734f1e0843
  md5: 2c21e66f50753a083cbe6b80f38268fa
  depends:
  - __glibc >=2.17,<3.0.a0
  - libgcc >=14
  license: BSD-2-Clause
  license_family: BSD
  size: 92400
  timestamp: 1769482286018
- conda: https://conda.anaconda.org/conda-forge/linux-64/libopenblas-0.3.33-pthreads_h94d23a6_0.conda
  sha256: 3d9aa85648e5e18a6d66db98b8c4317cc426721ad7a220aa86330d1ccedc8903
  md5: 2d3278b721e40468295ca755c3b84070
  depends:
  - __glibc >=2.17,<3.0.a0
  - libgcc >=14
  - libgfortran
  - libgfortran5 >=14.3.0
  constrains:
  - openblas >=0.3.33,<0.3.34.0a0
  license: BSD-3-Clause
  license_family: BSD
  size: 5931919
  timestamp: 1776993658641
- conda: https://conda.anaconda.org/conda-forge/linux-64/libpng-1.6.58-h421ea60_0.conda
  sha256: 377cfe037f3eeb3b1bf3ad333f724a64d32f315ee1958581fc671891d63d3f89
  md5: eba48a68a1a2b9d3c0d9511548db85db
  depends:
  - __glibc >=2.17,<3.0.a0
  - libgcc >=14
  - libzlib >=1.3.2,<2.0a0
  license: zlib-acknowledgement
  size: 317729
  timestamp: 1776315175087
- conda: https://conda.anaconda.org/conda-forge/linux-64/libsanitizer-14.3.0-h8f1669f_19.conda
  sha256: 8766de5423b0a510e2b1bdd1963d0554bdad2119f3e31d8fbd4189af434235ca
  md5: 007796e5a595bbc7df4a5e1580d72e1a
  depends:
  - __glibc >=2.17,<3.0.a0
  - libgcc >=14.3.0
  - libstdcxx >=14.3.0
  license: GPL-3.0-only WITH GCC-exception-3.1
  license_family: GPL
  run_exports:
    weak:
    - libsanitizer 14.3.0
  size: 7947790
  timestamp: 1778268494844
- conda: https://conda.anaconda.org/conda-forge/linux-64/libsqlite-3.53.3-h0c1763c_0.conda
  sha256: 365376f4815e5e80def2b3462a2419708b7c292da0da85278386c2618621fff4
  md5: 4aed8e657e9ff156bdbe849b4df44389
  depends:
  - __glibc >=2.17,<3.0.a0
  - libgcc >=14
  - libzlib >=1.3.2,<2.0a0
  license: blessing
  size: 962119
  timestamp: 1782519076616
- conda: https://conda.anaconda.org/conda-forge/linux-64/libstdcxx-15.2.0-h934c35e_19.conda
  sha256: dff1058c76ec6b8759e41cefa2508162d00e4a5e6721aa68ec3fd10094e702dc
  md5: 5794b3bdc38177caf969dabd3af08549
  depends:
  - __glibc >=2.17,<3.0.a0
  - libgcc 15.2.0 he0feb66_19
  constrains:
  - libstdcxx-ng ==15.2.0=*_19
  license: GPL-3.0-only WITH GCC-exception-3.1
  license_family: GPL
  size: 5852044
  timestamp: 1778269036376
- conda: https://conda.anaconda.org/conda-forge/linux-64/libstdcxx-ng-15.2.0-hdf11a46_19.conda
  sha256: 0672b6b6e1791c92e8eccad58081a99d614fcf82bca5841f9dfa3c3e658f83b9
  md5: e5ce228e579726c07255dbf90dc62101
  depends:
  - libstdcxx 15.2.0 h934c35e_19
  license: GPL-3.0-only WITH GCC-exception-3.1
  license_family: GPL
  run_exports:
    strong:
    - libstdcxx
  size: 27776
  timestamp: 1778269074600
- conda: https://conda.anaconda.org/conda-forge/linux-64/libuuid-2.42.2-h5347b49_0.conda
  sha256: 9b1bdce27a7e31f7d241aeecff67a1f3101d52a2b1e33ccc2cdf2613072bf81f
  md5: 01bb81d12c957de066ea7362007df642
  depends:
  - libgcc >=14
  - __glibc >=2.17,<3.0.a0
  license: BSD-3-Clause
  license_family: BSD
  size: 40017
  timestamp: 1781625522462
- conda: https://conda.anaconda.org/conda-forge/linux-64/libzlib-1.3.2-h25fd6f3_2.conda
  sha256: 55044c403570f0dc26e6364de4dc5368e5f3fc7ff103e867c487e2b5ab2bcda9
  md5: d87ff7921124eccd67248aa483c23fec
  depends:
  - __glibc >=2.17,<3.0.a0
  constrains:
  - zlib 1.3.2 *_2
  license: Zlib
  license_family: Other
  size: 63629
  timestamp: 1774072609062
- conda: https://conda.anaconda.org/conda-forge/linux-64/make-4.4.1-hb9d3cd8_2.conda
  sha256: d652c7bd4d3b6f82b0f6d063b0d8df6f54cc47531092d7ff008e780f3261bdda
  md5: 33405d2a66b1411db9f7242c8b97c9e7
  depends:
  - __glibc >=2.17,<3.0.a0
  - libgcc >=13
  license: GPL-3.0-or-later
  license_family: GPL
  run_exports: {}
  size: 513088
  timestamp: 1727801714848
- conda: https://conda.anaconda.org/conda-forge/linux-64/ncurses-6.6-hdb14827_0.conda
  sha256: fc89f74bbe362fb29fa3c037697a89bec140b346a2469a90f7936d1d7ea4d8a3
  md5: fc21868a1a5aacc937e7a18747acb8a5
  depends:
  - __glibc >=2.17,<3.0.a0
  - libgcc >=14
  license: X11 AND BSD-3-Clause
  size: 918956
  timestamp: 1777422145199
- conda: https://conda.anaconda.org/conda-forge/linux-64/numpy-2.5.1-py314h2b28147_0.conda
  sha256: fb665b7e30f9472c58098983f614598cfcf34e7a26b6c419648803095c390aa7
  md5: 59044905d27ba41bfb280ed4692c15e2
  depends:
  - python
  - libgcc >=14
  - __glibc >=2.17,<3.0.a0
  - libstdcxx >=14
  - libblas >=3.9.0,<4.0a0
  - liblapack >=3.9.0,<4.0a0
  - python_abi 3.14.* *_cp314
  - libcblas >=3.9.0,<4.0a0
  constrains:
  - numpy-base <0a0
  license: BSD-3-Clause
  license_family: BSD
  size: 9089255
  timestamp: 1783206203765
- conda: https://conda.anaconda.org/conda-forge/linux-64/openssl-3.6.3-h35e630c_0.conda
  sha256: d48f5c22b9897c01e4dff3680f1f57ceb02711ab9c62f74339b080419dfad34b
  md5: 79dd2074b5cd5c5c6b2930514a11e22d
  depends:
  - __glibc >=2.17,<3.0.a0
  - ca-certificates
  - libgcc >=14
  license: Apache-2.0
  license_family: Apache
  size: 3159683
  timestamp: 1781069855778
- conda: https://conda.anaconda.org/conda-forge/linux-64/patchelf-0.17.2-h58526e2_0.conda
  sha256: eb355ac225be2f698e19dba4dcab7cb0748225677a9799e9cc8e4cadc3cb738f
  md5: ba76a6a448819560b5f8b08a9c74f415
  depends:
  - libgcc-ng >=7.5.0
  - libstdcxx-ng >=7.5.0
  license: GPL-3.0-or-later
  license_family: GPL
  run_exports: {}
  size: 94048
  timestamp: 1673473024463
- conda: https://conda.anaconda.org/conda-forge/linux-64/pkg-config-0.29.2-h4bc722e_1009.conda
  sha256: c9601efb1af5391317e04eca77c6fe4d716bf1ca1ad8da2a05d15cb7c28d7d4e
  md5: 1bee70681f504ea424fb07cdb090c001
  depends:
  - __glibc >=2.17,<3.0.a0
  - libgcc-ng >=12
  license: GPL-2.0-or-later
  license_family: GPL
  run_exports: {}
  size: 115175
  timestamp: 1720805894943
- conda: https://conda.anaconda.org/conda-forge/linux-64/python-3.14.6-habeac84_100_cp314.conda
  build_number: 100
  sha256: 6d28ac2b061179deb434d3d57afa98ffd20ec3c5d44ab8048a1ca33424b22d38
  md5: 0b9b2f83b5b600e1ac38becde8d0dd44
  depends:
  - __glibc >=2.17,<3.0.a0
  - bzip2 >=1.0.8,<2.0a0
  - ld_impl_linux-64 >=2.36.1
  - libexpat >=2.8.1,<3.0a0
  - libffi >=3.5.2,<3.6.0a0
  - libgcc >=14
  - liblzma >=5.8.3,<6.0a0
  - libmpdec >=4.0.0,<5.0a0
  - libsqlite >=3.53.2,<4.0a0
  - libuuid >=2.42.1,<3.0a0
  - libzlib >=1.3.2,<2.0a0
  - ncurses >=6.6,<7.0a0
  - openssl >=3.5.7,<4.0a0
  - python_abi 3.14.* *_cp314
  - readline >=8.3,<9.0a0
  - tk >=8.6.13,<8.7.0a0
  - tzdata
  - zstd >=1.5.7,<1.6.0a0
  license: Python-2.0
  size: 36717183
  timestamp: 1781255094700
  python_site_packages_path: lib/python3.14/site-packages
- conda: https://conda.anaconda.org/conda-forge/linux-64/readline-8.3-h853b02a_0.conda
  sha256: 12ffde5a6f958e285aa22c191ca01bbd3d6e710aa852e00618fa6ddc59149002
  md5: d7d95fc8287ea7bf33e0e7116d2b95ec
  depends:
  - __glibc >=2.17,<3.0.a0
  - libgcc >=14
  - ncurses >=6.5,<7.0a0
  license: GPL-3.0-only
  license_family: GPL
  size: 345073
  timestamp: 1765813471974
- conda: https://conda.anaconda.org/conda-forge/linux-64/rust-1.97.1-h53717f1_0.conda
  sha256: 66f7e7d46602a4fdc20769ef33cb30229983b3cfe8fb447bb2d2081e895383ef
  md5: f0d36652f4d8bbe4a51de53414f15db2
  depends:
  - __glibc >=2.17,<3.0.a0
  - gcc_impl_linux-64
  - libgcc >=14
  - libzlib >=1.3.2,<2.0a0
  - rust-std-x86_64-unknown-linux-gnu 1.97.1 h2c6d0dc_0
  - sysroot_linux-64 >=2.17
  license: MIT
  run_exports:
    strong_constrains:
    - __glibc >=2.17
  size: 173497457
  timestamp: 1784279883262
- conda: https://conda.anaconda.org/conda-forge/linux-64/sqlite-3.53.3-hbc0de68_0.conda
  sha256: ef17725138fa72aa5a0f8ccace9727831c4b333e39575f78fb5ad1755826b687
  md5: b345ea7f13e4cae9809c69b1d1af2c99
  depends:
  - __glibc >=2.17,<3.0.a0
  - libgcc >=14
  - libsqlite 3.53.3 h0c1763c_0
  - libzlib >=1.3.2,<2.0a0
  - ncurses >=6.6,<7.0a0
  - readline >=8.3,<9.0a0
  license: blessing
  run_exports:
    weak:
    - libsqlite >=3.53.3,<4.0a0
  size: 206481
  timestamp: 1782519082269
- conda: https://conda.anaconda.org/conda-forge/linux-64/tk-8.6.13-noxft_h366c992_103.conda
  sha256: cafeec44494f842ffeca27e9c8b0c27ed714f93ac77ddadc6aaf726b5554ebac
  md5: cffd3bdd58090148f4cfcd831f4b26ab
  depends:
  - __glibc >=2.17,<3.0.a0
  - libgcc >=14
  - libzlib >=1.3.1,<2.0a0
  constrains:
  - xorg-libx11 >=1.8.12,<2.0a0
  license: TCL
  license_family: BSD
  size: 3301196
  timestamp: 1769460227866
- conda: https://conda.anaconda.org/conda-forge/linux-64/zstd-1.5.7-hb78ec9c_6.conda
  sha256: 68f0206ca6e98fea941e5717cec780ed2873ffabc0e1ed34428c061e2c6268c7
  md5: 4a13eeac0b5c8e5b8ab496e6c4ddd829
  depends:
  - __glibc >=2.17,<3.0.a0
  - libzlib >=1.3.1,<2.0a0
  license: BSD-3-Clause
  license_family: BSD
  size: 601375
  timestamp: 1764777111296
- conda: https://conda.anaconda.org/conda-forge/noarch/ca-certificates-2026.6.17-hbd8a1cb_0.conda
  sha256: f8e3c730fa14ee3f170493779f06522c4acf89169f43db4f039727709b6419cf
  md5: a9965dd99f683c5f444428f896635716
  depends:
  - __unix
  license: ISC
  size: 128866
  timestamp: 1781708962055
- conda: https://conda.anaconda.org/conda-forge/noarch/cpython-3.14.6-py314hd8ed1ab_100.conda
  noarch: generic
  sha256: 7a548856ef5307890a8cadfc196655117658f8c24589ce175caa4c1c2ded9d13
  md5: b28fe35fd43d5f425c0dccbe5b5039fd
  depends:
  - python >=3.14,<3.15.0a0
  - python_abi * *_cp314
  license: Python-2.0
  size: 49333
  timestamp: 1781254618863
- conda: https://conda.anaconda.org/conda-forge/noarch/cuda-cccl_linux-64-13.3.3.4.1-ha770c72_0.conda
  sha256: 51106d05567031d9b10a26bcaea95022c9ae91ce44758df5dec86d46985bef61
  md5: c7aab5efb8e8151a038f9eb271f23dcf
  depends:
  - cuda-version >=13.3,<13.4.0a0
  license: LicenseRef-NVIDIA-End-User-License-Agreement
  run_exports: {}
  size: 1475805
  timestamp: 1782773759292
- conda: https://conda.anaconda.org/conda-forge/noarch/cuda-crt-dev_linux-64-13.3.73-ha770c72_0.conda
  sha256: 94894c81f0257fc8a7daee9e18f885ce5e26adf1494e05b57ffb0660d59096cd
  md5: 05b21494055e653903a447c506e091c8
  depends:
  - cuda-version >=13.3,<13.4.0a0
  license: LicenseRef-NVIDIA-End-User-License-Agreement
  run_exports: {}
  size: 116550
  timestamp: 1782782846502
- conda: https://conda.anaconda.org/conda-forge/noarch/cuda-cudart-dev_linux-64-13.3.29-h376f20c_0.conda
  sha256: d95f1b404119e3f72edb7ac5dbd4443e2d7d040f7d68c3905c0dd7ad78f11311
  md5: 4165013e8d24dd61774458e6f2e36c32
  depends:
  - cuda-cccl_linux-64
  - cuda-cudart-static_linux-64
  - cuda-cudart_linux-64
  - cuda-version >=13.3,<13.4.0a0
  license: LicenseRef-NVIDIA-End-User-License-Agreement
  run_exports:
    weak:
    - cuda-cudart >=13.3.29,<14.0a0
  size: 405020
  timestamp: 1779898430134
- conda: https://conda.anaconda.org/conda-forge/noarch/cuda-cudart-static_linux-64-13.3.29-h376f20c_0.conda
  sha256: fa920f2c2154ea2ace2d55457e43af8e7bfc2c94fa5ec7276792ad411d1011d1
  md5: 7d4fe2a79d971522b3ad68b772c197eb
  depends:
  - cuda-version >=13.3,<13.4.0a0
  license: LicenseRef-NVIDIA-End-User-License-Agreement
  run_exports: {}
  size: 1126340
  timestamp: 1779898412056
- conda: https://conda.anaconda.org/conda-forge/noarch/cuda-cudart_linux-64-13.3.29-h376f20c_0.conda
  sha256: a86028f94acf37b17ca2280734ae9dcc407cdf68a9c400102d323a3b15e52f0b
  md5: 10949c6dfe9157fedb19170bd6e0b835
  depends:
  - cuda-version >=13.3,<13.4.0a0
  license: LicenseRef-NVIDIA-End-User-License-Agreement
  run_exports: {}
  size: 206064
  timestamp: 1779898416941
- conda: https://conda.anaconda.org/conda-forge/noarch/cuda-driver-dev_linux-64-13.3.29-h376f20c_0.conda
  sha256: 40e9c9f18311719c249bd8b81e73f1c3f56ef5b31db97ec393a5ab5373264d5e
  md5: 50da0977db20840628e946e4bd3b2ecb
  depends:
  - cuda-version >=13.3,<13.4.0a0
  license: LicenseRef-NVIDIA-End-User-License-Agreement
  run_exports: {}
  size: 39968
  timestamp: 1779898421393
- conda: https://conda.anaconda.org/conda-forge/noarch/cuda-version-13.3-hcbadf70_3.conda
  sha256: bd8ee668f416bdd0f6548b2413550ae83d3834665a5be869a2daf99233ec526e
  md5: 0fd72afdcc74560b80eb74b78767c454
  constrains:
  - __cuda >=13
  - cudatoolkit 13.3|13.3.*
  license: LicenseRef-NVIDIA-End-User-License-Agreement
  run_exports: {}
  size: 22083
  timestamp: 1779891651771
- conda: https://conda.anaconda.org/conda-forge/noarch/kernel-headers_linux-64-4.18.0-he073ed8_9.conda
  sha256: 41557eeadf641de6aeae49486cef30d02a6912d8da98585d687894afd65b356a
  md5: 86d9cba083cd041bfbf242a01a7a1999
  constrains:
  - sysroot_linux-64 ==2.28
  license: LGPL-2.0-or-later AND LGPL-2.0-or-later WITH exceptions AND GPL-2.0-or-later
  license_family: GPL
  run_exports: {}
  size: 1278712
  timestamp: 1765578681495
- conda: https://conda.anaconda.org/conda-forge/noarch/libgcc-devel_linux-64-14.3.0-hf649bbc_119.conda
  sha256: e1815bb11d5abe886979e95889d84310d83d078d36a3567ca67cbf57a3876d88
  md5: 7d517e32d656a8880d98c0e4fc8ddc2c
  depends:
  - __unix
  license: GPL-3.0-only WITH GCC-exception-3.1
  license_family: GPL
  run_exports: {}
  size: 3091520
  timestamp: 1778268364856
- conda: https://conda.anaconda.org/conda-forge/noarch/libstdcxx-devel_linux-64-14.3.0-h9f08a49_119.conda
  sha256: 1b4263aa5d8c8c659e8e38b66868f42867347e0c8941513ee77269afc00a5186
  md5: d1a866495b9654ccfef5392b8541dc58
  depends:
  - __unix
  license: GPL-3.0-only WITH GCC-exception-3.1
  license_family: GPL
  run_exports: {}
  size: 20199810
  timestamp: 1778268389428
- conda: https://conda.anaconda.org/conda-forge/noarch/markdown-it-py-4.2.0-pyhd8ed1ab_0.conda
  sha256: 0c4c35376fe920714390d46e4b8d31c876d65f18e1655899e0763ec25f2a902f
  md5: 6d03368f2b2b0a5fb6839df53b2eb5e0
  depends:
  - mdurl >=0.1,<1
  - python >=3.10
  license: MIT
  license_family: MIT
  size: 69017
  timestamp: 1778169663339
- conda: https://conda.anaconda.org/conda-forge/noarch/mdurl-0.1.2-pyhd8ed1ab_1.conda
  sha256: 78c1bbe1723449c52b7a9df1af2ee5f005209f67e40b6e1d3c7619127c43b1c7
  md5: 592132998493b3ff25fd7479396e8351
  depends:
  - python >=3.9
  license: MIT
  license_family: MIT
  size: 14465
  timestamp: 1733255681319
- conda: https://conda.anaconda.org/conda-forge/noarch/pygments-2.20.0-pyhd8ed1ab_0.conda
  sha256: cf70b2f5ad9ae472b71235e5c8a736c9316df3705746de419b59d442e8348e86
  md5: 16c18772b340887160c79a6acc022db0
  depends:
  - python >=3.10
  license: BSD-2-Clause
  license_family: BSD
  size: 893031
  timestamp: 1774796815820
- conda: https://conda.anaconda.org/conda-forge/noarch/python-gil-3.14.6-h4df99d1_100.conda
  sha256: 84c129bdd6abcecac42a948f2670d17fe735d02d3a5a483a9b1f1bc33ba38c28
  md5: 224f69f177eb5aae6c9a6052846bf609
  depends:
  - cpython 3.14.6.*
  - python_abi * *_cp314
  license: Python-2.0
  size: 49315
  timestamp: 1781254664376
- conda: https://conda.anaconda.org/conda-forge/noarch/python_abi-3.14-8_cp314.conda
  build_number: 8
  sha256: ad6d2e9ac39751cc0529dd1566a26751a0bf2542adb0c232533d32e176e21db5
  md5: 0539938c55b6b1a59b560e843ad864a4
  constrains:
  - python 3.14.* *_cp314
  license: BSD-3-Clause
  license_family: BSD
  size: 6989
  timestamp: 1752805904792
- conda: https://conda.anaconda.org/conda-forge/noarch/rich-15.0.0-pyhcf101f3_0.conda
  sha256: 3d6ba2c0fcdac3196ba2f0615b4104e532525ffa1335b50a2878be5ff488814a
  md5: 0242025a3c804966bf71aa04eee82f66
  depends:
  - markdown-it-py >=2.2.0
  - pygments >=2.13.0,<3.0.0
  - python >=3.10
  - typing_extensions >=4.0.0,<5.0.0
  - python
  license: MIT
  license_family: MIT
  size: 208577
  timestamp: 1775991661559
- conda: https://conda.anaconda.org/conda-forge/noarch/rust-std-x86_64-unknown-linux-gnu-1.97.1-h2c6d0dc_0.conda
  sha256: a00778be0151d1351d45b2f7b9f986321b682e132acabbc585992375c7cc4f8d
  md5: d530601fa0c954eda9b76db577e95315
  depends:
  - __unix
  constrains:
  - rust >=1.97.1,<1.97.2.0a0
  license: MIT
  run_exports: {}
  size: 37492970
  timestamp: 1784279804310
- conda: https://conda.anaconda.org/conda-forge/noarch/sysroot_linux-64-2.28-h4ee821c_9.conda
  sha256: c47299fe37aebb0fcf674b3be588e67e4afb86225be4b0d452c7eb75c086b851
  md5: 13dc3adbc692664cd3beabd216434749
  depends:
  - __glibc >=2.28
  - kernel-headers_linux-64 4.18.0 he073ed8_9
  - tzdata
  license: LGPL-2.0-or-later AND LGPL-2.0-or-later WITH exceptions AND GPL-2.0-or-later
  license_family: GPL
  run_exports:
    strong:
    - __glibc >=2.28,<3.0.a0
  size: 24008591
  timestamp: 1765578833462
- conda: https://conda.anaconda.org/conda-forge/noarch/typing-extensions-4.16.0-h69aa097_0.conda
  sha256: b141933ece3518f6d7b75dfb59451e2f26b405a44c18e2518a83e9a02e09315c
  md5: c680b5747e8c4c8f23dca0bb7042a8fc
  depends:
  - typing_extensions ==4.16.0 pyhcf101f3_0
  license: PSF-2.0
  license_family: PSF
  size: 94080
  timestamp: 1783002732887
- conda: https://conda.anaconda.org/conda-forge/noarch/typing_extensions-4.16.0-pyhcf101f3_0.conda
  sha256: 2d888f90af0686044882c74193ec80a90ec1943145d94a7b1b048958acda1848
  md5: c70ad746c22219b9700931707482992c
  depends:
  - python >=3.10
  - python
  license: PSF-2.0
  license_family: PSF
  size: 52631
  timestamp: 1783002732887
- conda: https://conda.anaconda.org/conda-forge/noarch/tzdata-2025c-hc9c84f9_1.conda
  sha256: 1d30098909076af33a35017eed6f2953af1c769e273a0626a04722ac4acaba3c
  md5: ad659d0a2b3e47e38d829aa8cad2d610
  license: LicenseRef-Public-Domain
  size: 119135
  timestamp: 1767016325805
- conda: https://conda.modular.com/max/linux-64/max-26.3.0-3.14release.conda
  sha256: bd1cfbcba4c2249ced02b4a1e41dea18184cae421418b9f6d5df68a31ad3b7fd
  md5: a5785722f0206b9757ee85303534cc31
  depends:
  - numpy >=1.18
  - typing-extensions >=4.12.2
  - rich >=13.0.1
  - python 3.14.*
  - python-gil
  - max-core ==26.3.0
  license: LicenseRef-Modular-Proprietary
  size: 6934876
  timestamp: 1777595942784
- conda: https://conda.modular.com/max/linux-64/max-core-26.3.0-release.conda
  sha256: 30efb6ae89f0ed7f3eb91af6201735cedcc638be80efac8abac67d0aabb14e04
  md5: b7ac3af146ba727b7d6684917811fbc3
  depends:
  - mojo-compiler ==1.0.0b1
  license: LicenseRef-Modular-Proprietary
  size: 163369655
  timestamp: 1777595990238
- conda: https://conda.modular.com/max/linux-64/mojo-compiler-1.0.0b1-release.conda
  sha256: 706c7f8e2be740dda8039bf96182b578bfbbd9220ca1a7f762e1f82acc4eb784
  md5: 2fc6038c3837e50bb855bcf7f930c1c9
  depends:
  - mojo-python ==1.0.0b1
  license: LicenseRef-Modular-Proprietary
  size: 89421276
  timestamp: 1777595833113
- conda: https://conda.modular.com/max/noarch/mojo-python-1.0.0b1-release.conda
  noarch: python
  sha256: b0554c7705685c86e8a8063bcd11ed58897a498c8e1e19ef045f5ebba2c8874f
  md5: d0ad2f8ba3758f03bfda84d92bb34b67
  depends:
  - python >=3.10
  license: LicenseRef-Modular-Proprietary
  size: 23114
  timestamp: 1777594699418
